
Microsoft Visual Studio Solution File, Format Version 12.00
# Visual Studio Version 17
VisualStudioVersion = 17.5.33516.290
MinimumVisualStudioVersion = 10.0.40219.1
Project("{FAE04EC0-301F-11D3-BF4B-00C04F79EFBC}") = "Task30", "Task30\Task30.csproj", "{B96A6C39-6C49-46CE-967F-D3BB18B59763}"
EndProject
Global
	GlobalSection(SolutionConfigurationPlatforms) = preSolution
		Debug|Any CPU = Debug|Any CPU
		Release|Any CPU = Release|Any CPU
	EndGlobalSection
	GlobalSection(ProjectConfigurationPlatforms) = postSolution
		{B96A6C39-6C49-46CE-967F-D3BB18B59763}.Debug|Any CPU.ActiveCfg = Debug|Any CPU
		{B96A6C39-6C49-46CE-967F-D3BB18B59763}.Debug|Any CPU.Build.0 = Debug|Any CPU
		{B96A6C39-6C49-46CE-967F-D3BB18B59763}.Release|Any CPU.ActiveCfg = Release|Any CPU
		{B96A6C39-6C49-46CE-967F-D3BB18B59763}.Release|Any CPU.Build.0 = Release|Any CPU
	EndGlobalSection
	GlobalSection(SolutionProperties) = preSolution
		HideSolutionNode = FALSE
	EndGlobalSection
	GlobalSection(ExtensibilityGlobals) = postSolution
		SolutionGuid = {111060B1-2FEE-442E-A19B-D06BB19976C2}
	EndGlobalSection
EndGlobal
