
Microsoft Visual Studio Solution File, Format Version 12.00
# Visual Studio Version 17
VisualStudioVersion = 17.5.33516.290
MinimumVisualStudioVersion = 10.0.40219.1
Project("{FAE04EC0-301F-11D3-BF4B-00C04F79EFBC}") = "Task46", "Task46\Task46.csproj", "{B3BE9838-EF38-44D7-94DA-C68DD6EC54CF}"
EndProject
Global
	GlobalSection(SolutionConfigurationPlatforms) = preSolution
		Debug|Any CPU = Debug|Any CPU
		Release|Any CPU = Release|Any CPU
	EndGlobalSection
	GlobalSection(ProjectConfigurationPlatforms) = postSolution
		{B3BE9838-EF38-44D7-94DA-C68DD6EC54CF}.Debug|Any CPU.ActiveCfg = Debug|Any CPU
		{B3BE9838-EF38-44D7-94DA-C68DD6EC54CF}.Debug|Any CPU.Build.0 = Debug|Any CPU
		{B3BE9838-EF38-44D7-94DA-C68DD6EC54CF}.Release|Any CPU.ActiveCfg = Release|Any CPU
		{B3BE9838-EF38-44D7-94DA-C68DD6EC54CF}.Release|Any CPU.Build.0 = Release|Any CPU
	EndGlobalSection
	GlobalSection(SolutionProperties) = preSolution
		HideSolutionNode = FALSE
	EndGlobalSection
	GlobalSection(ExtensibilityGlobals) = postSolution
		SolutionGuid = {86E943A6-BBB8-44D2-90F7-17BC53A0CDC0}
	EndGlobalSection
EndGlobal
