
Microsoft Visual Studio Solution File, Format Version 12.00
# Visual Studio Version 17
VisualStudioVersion = 17.5.33516.290
MinimumVisualStudioVersion = 10.0.40219.1
Project("{FAE04EC0-301F-11D3-BF4B-00C04F79EFBC}") = "Task27", "Task27\Task27.csproj", "{A7393296-FA72-4271-B806-EB0AD54DB037}"
EndProject
Global
	GlobalSection(SolutionConfigurationPlatforms) = preSolution
		Debug|Any CPU = Debug|Any CPU
		Release|Any CPU = Release|Any CPU
	EndGlobalSection
	GlobalSection(ProjectConfigurationPlatforms) = postSolution
		{A7393296-FA72-4271-B806-EB0AD54DB037}.Debug|Any CPU.ActiveCfg = Debug|Any CPU
		{A7393296-FA72-4271-B806-EB0AD54DB037}.Debug|Any CPU.Build.0 = Debug|Any CPU
		{A7393296-FA72-4271-B806-EB0AD54DB037}.Release|Any CPU.ActiveCfg = Release|Any CPU
		{A7393296-FA72-4271-B806-EB0AD54DB037}.Release|Any CPU.Build.0 = Release|Any CPU
	EndGlobalSection
	GlobalSection(SolutionProperties) = preSolution
		HideSolutionNode = FALSE
	EndGlobalSection
	GlobalSection(ExtensibilityGlobals) = postSolution
		SolutionGuid = {0C22815C-B2E6-4A15-9019-1CEECF8A44BB}
	EndGlobalSection
EndGlobal
